
Microsoft Visual Studio Solution File, Format Version 12.00
# Visual Studio Version 17
VisualStudioVersion = 17.4.33205.214
MinimumVisualStudioVersion = 10.0.40219.1
Project("{9A19103F-16F7-4668-BE54-9A1E7A4F7556}") = "T2204MDotNetCore", "T2204MDotNetCore\T2204MDotNetCore.csproj", "{B40F9DC1-A001-4F7E-8095-C86B481A5BDB}"
EndProject
Project("{9A19103F-16F7-4668-BE54-9A1E7A4F7556}") = "WebApi", "WebApi\WebApi.csproj", "{926D6E21-1F8B-4004-9308-D3750A40321C}"
EndProject
Project("{FAE04EC0-301F-11D3-BF4B-00C04F79EFBC}") = "ExamSEM3", "ExamSEM3\ExamSEM3.csproj", "{30FEC5E4-8BC2-44C1-8D8C-E5D9CBA28E38}"
EndProject
Global
	GlobalSection(SolutionConfigurationPlatforms) = preSolution
		Debug|Any CPU = Debug|Any CPU
		Release|Any CPU = Release|Any CPU
	EndGlobalSection
	GlobalSection(ProjectConfigurationPlatforms) = postSolution
		{B40F9DC1-A001-4F7E-8095-C86B481A5BDB}.Debug|Any CPU.ActiveCfg = Debug|Any CPU
		{B40F9DC1-A001-4F7E-8095-C86B481A5BDB}.Debug|Any CPU.Build.0 = Debug|Any CPU
		{B40F9DC1-A001-4F7E-8095-C86B481A5BDB}.Release|Any CPU.ActiveCfg = Release|Any CPU
		{B40F9DC1-A001-4F7E-8095-C86B481A5BDB}.Release|Any CPU.Build.0 = Release|Any CPU
		{926D6E21-1F8B-4004-9308-D3750A40321C}.Debug|Any CPU.ActiveCfg = Debug|Any CPU
		{926D6E21-1F8B-4004-9308-D3750A40321C}.Debug|Any CPU.Build.0 = Debug|Any CPU
		{926D6E21-1F8B-4004-9308-D3750A40321C}.Release|Any CPU.ActiveCfg = Release|Any CPU
		{926D6E21-1F8B-4004-9308-D3750A40321C}.Release|Any CPU.Build.0 = Release|Any CPU
		{30FEC5E4-8BC2-44C1-8D8C-E5D9CBA28E38}.Debug|Any CPU.ActiveCfg = Debug|Any CPU
		{30FEC5E4-8BC2-44C1-8D8C-E5D9CBA28E38}.Debug|Any CPU.Build.0 = Debug|Any CPU
		{30FEC5E4-8BC2-44C1-8D8C-E5D9CBA28E38}.Release|Any CPU.ActiveCfg = Release|Any CPU
		{30FEC5E4-8BC2-44C1-8D8C-E5D9CBA28E38}.Release|Any CPU.Build.0 = Release|Any CPU
	EndGlobalSection
	GlobalSection(SolutionProperties) = preSolution
		HideSolutionNode = FALSE
	EndGlobalSection
	GlobalSection(ExtensibilityGlobals) = postSolution
		SolutionGuid = {0FB3A979-1842-4EB5-BDFA-8C810CF4EEE5}
	EndGlobalSection
EndGlobal
